
Microsoft Visual Studio Solution File, Format Version 12.00
# Visual Studio Version 17
VisualStudioVersion = 17.0.31903.59
MinimumVisualStudioVersion = 10.0.40219.1
Project("{FAE04EC0-301F-11D3-BF4B-00C04F79EFBC}") = "InvoiceAssistant.Core", "InvoiceAssistant.Core\InvoiceAssistant.Core.csproj", "{9238291E-FB20-49A5-8F4A-138C9AE6650F}"
EndProject
Project("{FAE04EC0-301F-11D3-BF4B-00C04F79EFBC}") = "InvoiceAssistant.Console", "InvoiceAssistant.Console\InvoiceAssistant.Console.csproj", "{CFEF7382-460A-49C0-9B17-ABD5787FFFC5}"
EndProject
Project("{FAE04EC0-301F-11D3-BF4B-00C04F79EFBC}") = "InvoiceAssistant.App", "InvoiceAssistant.App\InvoiceAssistant.App.csproj", "{F700D4EC-BB60-4FEF-94FB-38A675A83D16}"
EndProject
Global
	GlobalSection(SolutionConfigurationPlatforms) = preSolution
		Debug|Any CPU = Debug|Any CPU
		Release|Any CPU = Release|Any CPU
	EndGlobalSection
	GlobalSection(ProjectConfigurationPlatforms) = postSolution
		{9238291E-FB20-49A5-8F4A-138C9AE6650F}.Debug|Any CPU.ActiveCfg = Debug|Any CPU
		{9238291E-FB20-49A5-8F4A-138C9AE6650F}.Debug|Any CPU.Build.0 = Debug|Any CPU
		{9238291E-FB20-49A5-8F4A-138C9AE6650F}.Release|Any CPU.ActiveCfg = Release|Any CPU
		{9238291E-FB20-49A5-8F4A-138C9AE6650F}.Release|Any CPU.Build.0 = Release|Any CPU
		{CFEF7382-460A-49C0-9B17-ABD5787FFFC5}.Debug|Any CPU.ActiveCfg = Debug|Any CPU
		{CFEF7382-460A-49C0-9B17-ABD5787FFFC5}.Debug|Any CPU.Build.0 = Debug|Any CPU
		{CFEF7382-460A-49C0-9B17-ABD5787FFFC5}.Release|Any CPU.ActiveCfg = Release|Any CPU
		{CFEF7382-460A-49C0-9B17-ABD5787FFFC5}.Release|Any CPU.Build.0 = Release|Any CPU
		{F700D4EC-BB60-4FEF-94FB-38A675A83D16}.Debug|Any CPU.ActiveCfg = Debug|Any CPU
		{F700D4EC-BB60-4FEF-94FB-38A675A83D16}.Debug|Any CPU.Build.0 = Debug|Any CPU
		{F700D4EC-BB60-4FEF-94FB-38A675A83D16}.Release|Any CPU.ActiveCfg = Release|Any CPU
		{F700D4EC-BB60-4FEF-94FB-38A675A83D16}.Release|Any CPU.Build.0 = Release|Any CPU
	EndGlobalSection
	GlobalSection(SolutionProperties) = preSolution
		HideSolutionNode = FALSE
	EndGlobalSection
EndGlobal
